# This file is automatically @generated by Cargo.
# It is not intended for manual editing.
version = 3

[[package]]
name = "fugit"
version = "0.3.6"
source = "registry+https://github.com/rust-lang/crates.io-index"
checksum = "7ab17bb279def6720d058cb6c052249938e7f99260ab534879281a95367a87e5"
dependencies = [
 "gcd",
]

[[package]]
name = "gcd"
version = "2.2.0"
source = "registry+https://github.com/rust-lang/crates.io-index"
checksum = "a4b1b088ad0a967aa29540456b82fc8903f854775d33f71e9709c4efb3dfbfd2"

[[package]]
name = "robosim"
version = "0.1.0"
dependencies = [
 "fugit",
]
